
Microsoft Visual Studio Solution File, Format Version 12.00
# Visual Studio Version 16
VisualStudioVersion = 16.0.31702.278
MinimumVisualStudioVersion = 10.0.40219.1
Project("{6989167D-11E4-40FE-8C1A-2192A86A7E90}") = "contur", "contur.vfproj", "{498CD609-3F9F-4677-B0E1-7C1E6D3C2704}"
EndProject
Global
	GlobalSection(SolutionConfigurationPlatforms) = preSolution
		Build and Move|x64 = Build and Move|x64
		Build and Move|x86 = Build and Move|x86
		Debug|x64 = Debug|x64
		Debug|x86 = Debug|x86
		Release|x64 = Release|x64
		Release|x86 = Release|x86
	EndGlobalSection
	GlobalSection(ProjectConfigurationPlatforms) = postSolution
		{498CD609-3F9F-4677-B0E1-7C1E6D3C2704}.Build and Move|x64.ActiveCfg = Build and Move|x64
		{498CD609-3F9F-4677-B0E1-7C1E6D3C2704}.Build and Move|x64.Build.0 = Build and Move|x64
		{498CD609-3F9F-4677-B0E1-7C1E6D3C2704}.Build and Move|x86.ActiveCfg = Build and Move|Win32
		{498CD609-3F9F-4677-B0E1-7C1E6D3C2704}.Build and Move|x86.Build.0 = Build and Move|Win32
		{498CD609-3F9F-4677-B0E1-7C1E6D3C2704}.Debug|x64.ActiveCfg = Debug|x64
		{498CD609-3F9F-4677-B0E1-7C1E6D3C2704}.Debug|x64.Build.0 = Debug|x64
		{498CD609-3F9F-4677-B0E1-7C1E6D3C2704}.Debug|x86.ActiveCfg = Debug|Win32
		{498CD609-3F9F-4677-B0E1-7C1E6D3C2704}.Debug|x86.Build.0 = Debug|Win32
		{498CD609-3F9F-4677-B0E1-7C1E6D3C2704}.Release|x64.ActiveCfg = Release|x64
		{498CD609-3F9F-4677-B0E1-7C1E6D3C2704}.Release|x64.Build.0 = Release|x64
		{498CD609-3F9F-4677-B0E1-7C1E6D3C2704}.Release|x86.ActiveCfg = Release|Win32
		{498CD609-3F9F-4677-B0E1-7C1E6D3C2704}.Release|x86.Build.0 = Release|Win32
	EndGlobalSection
	GlobalSection(SolutionProperties) = preSolution
		HideSolutionNode = FALSE
	EndGlobalSection
	GlobalSection(ExtensibilityGlobals) = postSolution
		SolutionGuid = {1BE2BE4C-C8CE-417A-BEB6-FC171B4CCB1B}
	EndGlobalSection
EndGlobal
